
Microsoft Visual Studio Solution File, Format Version 12.00
# Visual Studio Version 17
VisualStudioVersion = 17.6.33815.320
MinimumVisualStudioVersion = 10.0.40219.1
Project("{9A19103F-16F7-4668-BE54-9A1E7A4F7556}") = "NeatAPI", "NeatAPI.csproj", "{1768D1C7-DB13-4E22-986D-ED7844B56CA3}"
EndProject
Project("{FAE04EC0-301F-11D3-BF4B-00C04F79EFBC}") = "NeatAPITests", "..\NeatAPITests\NeatAPITests.csproj", "{83237813-48B3-4D44-88FF-AD054A9ACE5A}"
EndProject
Global
	GlobalSection(SolutionConfigurationPlatforms) = preSolution
		Debug|Any CPU = Debug|Any CPU
		Release|Any CPU = Release|Any CPU
	EndGlobalSection
	GlobalSection(ProjectConfigurationPlatforms) = postSolution
		{1768D1C7-DB13-4E22-986D-ED7844B56CA3}.Debug|Any CPU.ActiveCfg = Debug|Any CPU
		{1768D1C7-DB13-4E22-986D-ED7844B56CA3}.Debug|Any CPU.Build.0 = Debug|Any CPU
		{1768D1C7-DB13-4E22-986D-ED7844B56CA3}.Release|Any CPU.ActiveCfg = Release|Any CPU
		{1768D1C7-DB13-4E22-986D-ED7844B56CA3}.Release|Any CPU.Build.0 = Release|Any CPU
		{83237813-48B3-4D44-88FF-AD054A9ACE5A}.Debug|Any CPU.ActiveCfg = Debug|Any CPU
		{83237813-48B3-4D44-88FF-AD054A9ACE5A}.Debug|Any CPU.Build.0 = Debug|Any CPU
		{83237813-48B3-4D44-88FF-AD054A9ACE5A}.Release|Any CPU.ActiveCfg = Release|Any CPU
		{83237813-48B3-4D44-88FF-AD054A9ACE5A}.Release|Any CPU.Build.0 = Release|Any CPU
	EndGlobalSection
	GlobalSection(SolutionProperties) = preSolution
		HideSolutionNode = FALSE
	EndGlobalSection
	GlobalSection(ExtensibilityGlobals) = postSolution
		SolutionGuid = {237A4269-C4D6-4A0F-BF2C-78D62430CD90}
	EndGlobalSection
EndGlobal
